<?xml version="1.0" encoding="utf-8"?>
<Project ToolsVersion="4.0" xmlns="http://schemas.microsoft.com/developer/msbuild/2003">
  <ItemGroup>
    <Filter Include="源文件">
      <UniqueIdentifier>{4FC737F1-C7A5-4376-A066-2A32D752A2FF}</UniqueIdentifier>
      <Extensions>cpp;c;cc;cxx;c++;cppm;ixx;def;odl;idl;hpj;bat;asm;asmx</Extensions>
    </Filter>
    <Filter Include="头文件">
      <UniqueIdentifier>{93995380-89BD-4b04-88EB-625FBE52EBFB}</UniqueIdentifier>
      <Extensions>h;hh;hpp;hxx;h++;hm;inl;inc;ipp;xsd</Extensions>
    </Filter>
    <Filter Include="资源文件">
      <UniqueIdentifier>{67DA6AB6-F800-4c08-8B7A-83BB121AAD01}</UniqueIdentifier>
      <Extensions>rc;ico;cur;bmp;dlg;rc2;rct;bin;rgs;gif;jpg;jpeg;jpe;resx;tiff;tif;png;wav;mfcribbon-ms</Extensions>
    </Filter>
    <Filter Include="头文件\ui">
      <UniqueIdentifier>{87996e54-b10e-478b-8b47-ce8e9c331dc7}</UniqueIdentifier>
    </Filter>
    <Filter Include="源文件\ui">
      <UniqueIdentifier>{b891afc1-633d-4515-9520-c073c6e3133b}</UniqueIdentifier>
    </Filter>
    <Filter Include="头文件\configs">
      <UniqueIdentifier>{69bbc243-da1c-4d38-bfb6-4da77a690d02}</UniqueIdentifier>
    </Filter>
    <Filter Include="源文件\configs">
      <UniqueIdentifier>{e908889d-b8d9-47ae-8f82-400092189d7b}</UniqueIdentifier>
    </Filter>
    <Filter Include="头文件\occt">
      <UniqueIdentifier>{249620fc-5bab-4cbc-b546-535642071ed8}</UniqueIdentifier>
    </Filter>
    <Filter Include="源文件\occt">
      <UniqueIdentifier>{b38585d5-d2f8-4bd0-8c7f-0f4c31de659e}</UniqueIdentifier>
    </Filter>
    <Filter Include="3dparty">
      <UniqueIdentifier>{0910a581-aaff-464e-9518-d80a08790998}</UniqueIdentifier>
    </Filter>
    <Filter Include="3dparty\imgui">
      <UniqueIdentifier>{bb5a252e-8258-42ab-8c37-283dcb9db4e5}</UniqueIdentifier>
    </Filter>
    <Filter Include="3dparty\ImGuiFileDialog">
      <UniqueIdentifier>{224ac7fd-0bb4-4449-9b67-7a8ca3b1f865}</UniqueIdentifier>
    </Filter>
    <Filter Include="3dparty\ImGuiFileDialog\dirent">
      <UniqueIdentifier>{c5412f3a-b9c4-4f90-9bbf-69a45ce8990e}</UniqueIdentifier>
    </Filter>
    <Filter Include="3dparty\ImGuiFileDialog\stb">
      <UniqueIdentifier>{9164ac2d-90ac-42a7-adff-4735d4dbef51}</UniqueIdentifier>
    </Filter>
  </ItemGroup>
  <ItemGroup>
    <ClCompile Include="main.cpp">
      <Filter>源文件</Filter>
    </ClCompile>
    <ClCompile Include="ui\mainMenuBar.cpp">
      <Filter>源文件\ui</Filter>
    </ClCompile>
    <ClCompile Include="ui\component.cpp">
      <Filter>源文件\ui</Filter>
    </ClCompile>
    <ClCompile Include="ui\modelTree.cpp">
      <Filter>源文件\ui</Filter>
    </ClCompile>
    <ClCompile Include="ui\attributeDialog.cpp">
      <Filter>源文件\ui</Filter>
    </ClCompile>
    <ClCompile Include="configs\imguiConfig.cpp">
      <Filter>源文件\configs</Filter>
    </ClCompile>
    <ClCompile Include="occt\occtWindow.cpp">
      <Filter>源文件\occt</Filter>
    </ClCompile>
    <ClCompile Include="occt\occView.cpp">
      <Filter>源文件\occt</Filter>
    </ClCompile>
    <ClCompile Include="3dparty\imgui\imgui.cpp">
      <Filter>3dparty\imgui</Filter>
    </ClCompile>
    <ClCompile Include="3dparty\imgui\imgui_demo.cpp">
      <Filter>3dparty\imgui</Filter>
    </ClCompile>
    <ClCompile Include="3dparty\imgui\imgui_draw.cpp">
      <Filter>3dparty\imgui</Filter>
    </ClCompile>
    <ClCompile Include="3dparty\imgui\imgui_impl_glfw.cpp">
      <Filter>3dparty\imgui</Filter>
    </ClCompile>
    <ClCompile Include="3dparty\imgui\imgui_impl_opengl3.cpp">
      <Filter>3dparty\imgui</Filter>
    </ClCompile>
    <ClCompile Include="3dparty\imgui\imgui_tables.cpp">
      <Filter>3dparty\imgui</Filter>
    </ClCompile>
    <ClCompile Include="3dparty\imgui\imgui_widgets.cpp">
      <Filter>3dparty\imgui</Filter>
    </ClCompile>
    <ClCompile Include="configs\glfwConfig.cpp">
      <Filter>源文件\configs</Filter>
    </ClCompile>
    <ClCompile Include="3dparty\ImGuiFileDialog\ImGuiFileDialog.cpp">
      <Filter>3dparty\ImGuiFileDialog</Filter>
    </ClCompile>
    <ClCompile Include="ui\fileDialog\openFileDialog.cpp">
      <Filter>源文件\ui</Filter>
    </ClCompile>
  </ItemGroup>
  <ItemGroup>
    <ClInclude Include="ui\mainMenuBar.h">
      <Filter>头文件\ui</Filter>
    </ClInclude>
    <ClInclude Include="ui\component.h">
      <Filter>头文件\ui</Filter>
    </ClInclude>
    <ClInclude Include="ui\modelTree.h">
      <Filter>头文件\ui</Filter>
    </ClInclude>
    <ClInclude Include="ui\attributeDialog.h">
      <Filter>头文件\ui</Filter>
    </ClInclude>
    <ClInclude Include="configs\configs.h">
      <Filter>头文件\configs</Filter>
    </ClInclude>
    <ClInclude Include="configs\imguiConfig.h">
      <Filter>头文件\configs</Filter>
    </ClInclude>
    <ClInclude Include="occt\occtWindow.h">
      <Filter>头文件\occt</Filter>
    </ClInclude>
    <ClInclude Include="occt\occView.h">
      <Filter>头文件\occt</Filter>
    </ClInclude>
    <ClInclude Include="3dparty\imgui\imconfig.h">
      <Filter>3dparty\imgui</Filter>
    </ClInclude>
    <ClInclude Include="3dparty\imgui\imgui.h">
      <Filter>3dparty\imgui</Filter>
    </ClInclude>
    <ClInclude Include="3dparty\imgui\imgui_impl_glfw.h">
      <Filter>3dparty\imgui</Filter>
    </ClInclude>
    <ClInclude Include="3dparty\imgui\imgui_impl_opengl3.h">
      <Filter>3dparty\imgui</Filter>
    </ClInclude>
    <ClInclude Include="3dparty\imgui\imgui_impl_opengl3_loader.h">
      <Filter>3dparty\imgui</Filter>
    </ClInclude>
    <ClInclude Include="3dparty\imgui\imgui_internal.h">
      <Filter>3dparty\imgui</Filter>
    </ClInclude>
    <ClInclude Include="3dparty\imgui\imstb_rectpack.h">
      <Filter>3dparty\imgui</Filter>
    </ClInclude>
    <ClInclude Include="3dparty\imgui\imstb_textedit.h">
      <Filter>3dparty\imgui</Filter>
    </ClInclude>
    <ClInclude Include="3dparty\imgui\imstb_truetype.h">
      <Filter>3dparty\imgui</Filter>
    </ClInclude>
    <ClInclude Include="configs\glfwConfig.h">
      <Filter>头文件\configs</Filter>
    </ClInclude>
    <ClInclude Include="3dparty\ImGuiFileDialog\ImGuiFileDialog.h">
      <Filter>3dparty\ImGuiFileDialog</Filter>
    </ClInclude>
    <ClInclude Include="3dparty\ImGuiFileDialog\ImGuiFileDialogConfig.h">
      <Filter>3dparty\ImGuiFileDialog</Filter>
    </ClInclude>
    <ClInclude Include="3dparty\ImGuiFileDialog\stb\stb_image.h">
      <Filter>3dparty\ImGuiFileDialog\stb</Filter>
    </ClInclude>
    <ClInclude Include="3dparty\ImGuiFileDialog\stb\stb_image_resize.h">
      <Filter>3dparty\ImGuiFileDialog\stb</Filter>
    </ClInclude>
    <ClInclude Include="3dparty\ImGuiFileDialog\dirent\dirent.h">
      <Filter>3dparty\ImGuiFileDialog\dirent</Filter>
    </ClInclude>
    <ClInclude Include="ui\fileDialog\openFileDialog.h">
      <Filter>头文件\ui</Filter>
    </ClInclude>
  </ItemGroup>
</Project>